
Microsoft Visual Studio Solution File, Format Version 12.00
# Visual Studio Version 17
VisualStudioVersion = 17.14.36121.58
MinimumVisualStudioVersion = 10.0.40219.1
Project("{FAE04EC0-301F-11D3-BF4B-00C04F79EFBC}") = "ECare_Revamp", "ECare_Revamp.csproj", "{E2024B2C-8A90-4A98-98DD-BB9BB9600B30}"
EndProject
Global
	GlobalSection(SolutionConfigurationPlatforms) = preSolution
		Debug|Any CPU = Debug|Any CPU
		Release|Any CPU = Release|Any CPU
	EndGlobalSection
	GlobalSection(ProjectConfigurationPlatforms) = postSolution
		{E2024B2C-8A90-4A98-98DD-BB9BB9600B30}.Debug|Any CPU.ActiveCfg = Debug|Any CPU
		{E2024B2C-8A90-4A98-98DD-BB9BB9600B30}.Debug|Any CPU.Build.0 = Debug|Any CPU
		{E2024B2C-8A90-4A98-98DD-BB9BB9600B30}.Release|Any CPU.ActiveCfg = Release|Any CPU
		{E2024B2C-8A90-4A98-98DD-BB9BB9600B30}.Release|Any CPU.Build.0 = Release|Any CPU
	EndGlobalSection
	GlobalSection(SolutionProperties) = preSolution
		HideSolutionNode = FALSE
	EndGlobalSection
	GlobalSection(ExtensibilityGlobals) = postSolution
		SolutionGuid = {EB0D6A1E-234F-487E-9D18-4CE7AC0D3BA0}
	EndGlobalSection
EndGlobal
